
Microsoft Visual Studio Solution File, Format Version 12.00
# Visual Studio Version 17
VisualStudioVersion = 17.7.34024.191
MinimumVisualStudioVersion = 10.0.40219.1
Project("{9A19103F-16F7-4668-BE54-9A1E7A4F7556}") = "AbstractFactoryDesignPattern", "AbstractFactoryDesignPattern\AbstractFactoryDesignPattern.csproj", "{55FACBBA-137A-4F63-B883-952669760C6F}"
EndProject
Project("{FAE04EC0-301F-11D3-BF4B-00C04F79EFBC}") = "UnitTests", "UnitTests\UnitTests.csproj", "{0E1F4EC5-CF9D-417D-9D1B-E16079620819}"
	ProjectSection(ProjectDependencies) = postProject
		{55FACBBA-137A-4F63-B883-952669760C6F} = {55FACBBA-137A-4F63-B883-952669760C6F}
	EndProjectSection
EndProject
Global
	GlobalSection(SolutionConfigurationPlatforms) = preSolution
		Debug|Any CPU = Debug|Any CPU
		Release|Any CPU = Release|Any CPU
	EndGlobalSection
	GlobalSection(ProjectConfigurationPlatforms) = postSolution
		{55FACBBA-137A-4F63-B883-952669760C6F}.Debug|Any CPU.ActiveCfg = Debug|Any CPU
		{55FACBBA-137A-4F63-B883-952669760C6F}.Debug|Any CPU.Build.0 = Debug|Any CPU
		{55FACBBA-137A-4F63-B883-952669760C6F}.Release|Any CPU.ActiveCfg = Release|Any CPU
		{55FACBBA-137A-4F63-B883-952669760C6F}.Release|Any CPU.Build.0 = Release|Any CPU
		{0E1F4EC5-CF9D-417D-9D1B-E16079620819}.Debug|Any CPU.ActiveCfg = Debug|Any CPU
		{0E1F4EC5-CF9D-417D-9D1B-E16079620819}.Debug|Any CPU.Build.0 = Debug|Any CPU
		{0E1F4EC5-CF9D-417D-9D1B-E16079620819}.Release|Any CPU.ActiveCfg = Release|Any CPU
		{0E1F4EC5-CF9D-417D-9D1B-E16079620819}.Release|Any CPU.Build.0 = Release|Any CPU
	EndGlobalSection
	GlobalSection(SolutionProperties) = preSolution
		HideSolutionNode = FALSE
	EndGlobalSection
	GlobalSection(ExtensibilityGlobals) = postSolution
		SolutionGuid = {6DF1D177-0AE2-4F74-8E77-01F53F7E933E}
	EndGlobalSection
EndGlobal
